
Microsoft Visual Studio Solution File, Format Version 12.00
# Visual Studio Version 17
VisualStudioVersion = 17.1.32328.378
MinimumVisualStudioVersion = 10.0.40219.1
Project("{9A19103F-16F7-4668-BE54-9A1E7A4F7556}") = "Bit2Byte", "Bit2Byte\Bit2Byte.csproj", "{6FEE339B-9A6B-48F4-BB40-E5CFD2A099E4}"
EndProject
Global
	GlobalSection(SolutionConfigurationPlatforms) = preSolution
		Debug|Any CPU = Debug|Any CPU
		Release|Any CPU = Release|Any CPU
	EndGlobalSection
	GlobalSection(ProjectConfigurationPlatforms) = postSolution
		{6FEE339B-9A6B-48F4-BB40-E5CFD2A099E4}.Debug|Any CPU.ActiveCfg = Debug|Any CPU
		{6FEE339B-9A6B-48F4-BB40-E5CFD2A099E4}.Debug|Any CPU.Build.0 = Debug|Any CPU
		{6FEE339B-9A6B-48F4-BB40-E5CFD2A099E4}.Release|Any CPU.ActiveCfg = Release|Any CPU
		{6FEE339B-9A6B-48F4-BB40-E5CFD2A099E4}.Release|Any CPU.Build.0 = Release|Any CPU
	EndGlobalSection
	GlobalSection(SolutionProperties) = preSolution
		HideSolutionNode = FALSE
	EndGlobalSection
	GlobalSection(ExtensibilityGlobals) = postSolution
		SolutionGuid = {10A28822-739D-4EFD-BAD0-2BA43E79D1AD}
	EndGlobalSection
EndGlobal
